
Microsoft Visual Studio Solution File, Format Version 12.00
# Visual Studio Version 17
VisualStudioVersion = 17.10.35122.118
MinimumVisualStudioVersion = 10.0.40219.1
Project("{FAE04EC0-301F-11D3-BF4B-00C04F79EFBC}") = "CafeBillingSystem", "CafeBillingSystem\CafeBillingSystem.csproj", "{CFC857F0-96A9-4E01-BB17-BA0EC08F136D}"
EndProject
Global
	GlobalSection(SolutionConfigurationPlatforms) = preSolution
		Debug|Any CPU = Debug|Any CPU
		Release|Any CPU = Release|Any CPU
	EndGlobalSection
	GlobalSection(ProjectConfigurationPlatforms) = postSolution
		{CFC857F0-96A9-4E01-BB17-BA0EC08F136D}.Debug|Any CPU.ActiveCfg = Debug|Any CPU
		{CFC857F0-96A9-4E01-BB17-BA0EC08F136D}.Debug|Any CPU.Build.0 = Debug|Any CPU
		{CFC857F0-96A9-4E01-BB17-BA0EC08F136D}.Release|Any CPU.ActiveCfg = Release|Any CPU
		{CFC857F0-96A9-4E01-BB17-BA0EC08F136D}.Release|Any CPU.Build.0 = Release|Any CPU
	EndGlobalSection
	GlobalSection(SolutionProperties) = preSolution
		HideSolutionNode = FALSE
	EndGlobalSection
	GlobalSection(ExtensibilityGlobals) = postSolution
		SolutionGuid = {8BFCC18A-AB66-42CE-9E33-8BCE9A754C96}
	EndGlobalSection
EndGlobal
